# This file is @generated by PDM.
# It is not intended for manual editing.

[[package]]
name = "numpy"
version = "1.23.5"
requires_python = ">=3.8"
summary = "NumPy is the fundamental package for array computing with Python."

[[package]]
name = "pandas"
version = "2.0.2"
requires_python = ">=3.8"
summary = "Powerful data structures for data analysis, time series, and statistics"
dependencies = [
    "numpy>=1.21.0; python_version >= \"3.10\"",
    "numpy>=1.23.2; python_version >= \"3.11\"",
    "python-dateutil>=2.8.2",
    "pytz>=2020.1",
    "tzdata>=2022.1",
]

[[package]]
name = "python-dateutil"
version = "2.8.2"
requires_python = "!=3.0.*,!=3.1.*,!=3.2.*,>=2.7"
summary = "Extensions to the standard Python datetime module"
dependencies = [
    "six>=1.5",
]

[[package]]
name = "pytz"
version = "2023.3"
summary = "World timezone definitions, modern and historical"

[[package]]
name = "six"
version = "1.16.0"
requires_python = ">=2.7, !=3.0.*, !=3.1.*, !=3.2.*"
summary = "Python 2 and 3 compatibility utilities"

[[package]]
name = "tzdata"
version = "2023.3"
requires_python = ">=2"
summary = "Provider of IANA time zone data"

[metadata]
lock_version = "4.2"
cross_platform = true
groups = ["default"]
content_hash = "sha256:058fdfb134f3c58f5dc71e0aecb0a69292e4e7f49991fe92bf9803ef69ae2de3"

[metadata.files]
"numpy 1.23.5" = [
    {url = "https://files.pythonhosted.org/packages/08/36/6589c7d5fc4fecda63de4453fefff7c58f6de2b1bb7dfbe7fa807bf85c46/numpy-1.23.5-cp39-cp39-win_amd64.whl", hash = "sha256:09b7847f7e83ca37c6e627682f145856de331049013853f344f37b0c9690e3df"},
    {url = "https://files.pythonhosted.org/packages/0f/3d/25e99f2191cce5029310c41cf9a34b5107d4475477bbce2f6d2e68c1c93b/numpy-1.23.5-pp38-pypy38_pp73-manylinux_2_17_x86_64.manylinux2014_x86_64.whl", hash = "sha256:f9a909a8bae284d46bbfdefbdd4a262ba19d3bc9921b1e76126b1d21c3c34135"},
    {url = "https://files.pythonhosted.org/packages/0f/ae/dad4b8e7c65494cbbd1c063de114efaf9acd0f5f6171f044f0d4b6299787/numpy-1.23.5-cp310-cp310-macosx_10_9_x86_64.whl", hash = "sha256:9c88793f78fca17da0145455f0d7826bcb9f37da4764af27ac945488116efe63"},
    {url = "https://files.pythonhosted.org/packages/19/0d/b8c34e4baf258d77a8592bdce45183e9a12874c167f5966c7dd467b74ea9/numpy-1.23.5-cp311-cp311-win_amd64.whl", hash = "sha256:0cbe9848fad08baf71de1a39e12d1b6310f1d5b2d0ea4de051058e6e1076852d"},
    {url = "https://files.pythonhosted.org/packages/25/7b/3b587a62aa54ad7ecf90eabfc77cf78e96d3df1d0e8c31fc534ad3ca6e17/numpy-1.23.5-pp38-pypy38_pp73-macosx_10_9_x86_64.whl", hash = "sha256:abdde9f795cf292fb9651ed48185503a2ff29be87770c3b8e2a14b0cd7aa16f8"},
    {url = "https://files.pythonhosted.org/packages/2b/1a/9ac00116d3a64b5ea031fdb2ff071062a6e2140553fa0770b5f007b84252/numpy-1.23.5-cp311-cp311-manylinux_2_17_aarch64.manylinux2014_aarch64.whl", hash = "sha256:5039f55555e1eab31124a5768898c9e22c25a65c1e0037f4d7c495a45778c9f2"},
    {url = "https://files.pythonhosted.org/packages/3f/ce/04d7772671d8d3a14e426d7560047821c4e2d29ee2b5cfa252601412083b/numpy-1.23.5-pp38-pypy38_pp73-win_amd64.whl", hash = "sha256:01dd17cbb340bf0fc23981e52e1d18a9d4050792e8fb8363cecbf066a84b827d"},
    {url = "https://files.pythonhosted.org/packages/42/38/775b43da55fa7473015eddc9a819571517d9a271a9f8134f68fb9be2f212/numpy-1.23.5.tar.gz", hash = "sha256:1b1766d6f397c18153d40015ddfc79ddb715cabadc04d2d228d4e5a8bc4ded1a"},
    {url = "https://files.pythonhosted.org/packages/4c/42/6274f92514fbefcb1caa66d56d82ac7ac89f7652c0cef1e159a4b79e09f1/numpy-1.23.5-cp38-cp38-win_amd64.whl", hash = "sha256:ca51fcfcc5f9354c45f400059e88bc09215fb71a48d3768fb80e357f3b457e1e"},
    {url = "https://files.pythonhosted.org/packages/4c/b9/038abd6fbd67b05b03cb1af590cfc02b7f1e5a37af7ac6a868f5093c29f5/numpy-1.23.5-cp39-cp39-manylinux_2_17_x86_64.manylinux2014_x86_64.whl", hash = "sha256:33161613d2269025873025b33e879825ec7b1d831317e68f4f2f0f84ed14c719"},
    {url = "https://files.pythonhosted.org/packages/4d/39/d33202cc56c21123a50c6d5e160d00c18ff685ab864dbd4bf80dd40a7af9/numpy-1.23.5-cp310-cp310-macosx_11_0_arm64.whl", hash = "sha256:e9f4c4e51567b616be64e05d517c79a8a22f3606499941d97bb76f2ca59f982d"},
    {url = "https://files.pythonhosted.org/packages/5d/a1/cdac656aed8bc04dc86296490f8dbef68474c3294cc31af30f2bd0ec06de/numpy-1.23.5-cp39-cp39-manylinux_2_17_aarch64.manylinux2014_aarch64.whl", hash = "sha256:bf837dc63ba5c06dc8797c398db1e223a466c7ece27a1f7b5232ba3466aafe3d"},
    {url = "https://files.pythonhosted.org/packages/63/d4/3f0d610a2006434f2b7b2e0c80291368d59b0a03bb3e1911fdb9476232d4/numpy-1.23.5-cp38-cp38-macosx_11_0_arm64.whl", hash = "sha256:0aaee12d8883552fadfc41e96b4c82ee7d794949e2a7c3b3a7201e968c7ecab9"},
    {url = "https://files.pythonhosted.org/packages/67/6b/d7c93d458d16464da9b3f560a20c363a19e242ebbb019bd1e1d797523851/numpy-1.23.5-cp310-cp310-manylinux_2_17_aarch64.manylinux2014_aarch64.whl", hash = "sha256:7903ba8ab592b82014713c491f6c5d3a1cde5b4a3bf116404e08f5b52f6daf43"},
    {url = "https://files.pythonhosted.org/packages/6a/03/ae6c3c307f9c5c7516de3df3e764ebb1de33e54e197f0370992138433ef4/numpy-1.23.5-cp310-cp310-win_amd64.whl", hash = "sha256:dbee87b469018961d1ad79b1a5d50c0ae850000b639bcb1b694e9981083243b6"},
    {url = "https://files.pythonhosted.org/packages/6e/7f/94797cfe0263a30805f3074e535adfde02b885ac43d1e4dac85f82213b0b/numpy-1.23.5-cp311-cp311-macosx_10_9_x86_64.whl", hash = "sha256:ce571367b6dfe60af04e04a1834ca2dc5f46004ac1cc756fb95319f64c095a96"},
    {url = "https://files.pythonhosted.org/packages/8c/7a/171d3b4a54de835c8f95181dd2885607c0e04adca55ef99d9de559b4c9ba/numpy-1.23.5-cp39-cp39-macosx_10_9_x86_64.whl", hash = "sha256:8969bfd28e85c81f3f94eb4a66bc2cf1dbdc5c18efc320af34bffc54d6b1e38f"},
    {url = "https://files.pythonhosted.org/packages/9b/55/a2669debe264b1f22a8133734595128e40b96a8066e17e53e8d160168e41/numpy-1.23.5-cp311-cp311-win32.whl", hash = "sha256:b2a9ab7c279c91974f756c84c365a669a887efa287365a8e2c418f8b3ba73fb0"},
    {url = "https://files.pythonhosted.org/packages/9e/9d/ff17c357f7144301da85f8c03d56593cfd2904e9ce89f86c8eefaa96d2d5/numpy-1.23.5-cp39-cp39-macosx_11_0_arm64.whl", hash = "sha256:a7ac231a08bb37f852849bbb387a20a57574a97cfc7b6cabb488a4fc8be176de"},
    {url = "https://files.pythonhosted.org/packages/af/92/8efba008b9bda66456a1844a0e133dc76c08c5fb68c67a674f046211db29/numpy-1.23.5-cp310-cp310-win32.whl", hash = "sha256:522e26bbf6377e4d76403826ed689c295b0b238f46c28a7251ab94716da0b280"},
    {url = "https://files.pythonhosted.org/packages/b8/d0/e6a2cb9a3f3e863a43e50949e9ae704be70baf398fd5af59355f65c8740a/numpy-1.23.5-cp311-cp311-macosx_11_0_arm64.whl", hash = "sha256:56e454c7833e94ec9769fa0f86e6ff8e42ee38ce0ce1fa4cbb747ea7e06d56aa"},
    {url = "https://files.pythonhosted.org/packages/b9/0e/10ab011eaebeed29d28ad710d0a3ab2654c06a2800e178e8f2f3a5947ad4/numpy-1.23.5-cp38-cp38-win32.whl", hash = "sha256:06005a2ef6014e9956c09ba07654f9837d9e26696a0470e42beedadb78c11b07"},
    {url = "https://files.pythonhosted.org/packages/bf/d1/1017fe3f5d65c4fe054a793f18f940d913868bb2846a02d3f6244a829a30/numpy-1.23.5-cp38-cp38-manylinux_2_17_aarch64.manylinux2014_aarch64.whl", hash = "sha256:92c8c1e89a1f5028a4c6d9e3ccbe311b6ba53694811269b992c0b224269e2398"},
    {url = "https://files.pythonhosted.org/packages/c6/4f/63f6f16d3f44a764a3b66c6233e133baf912e198a93e14c39ee991f587d0/numpy-1.23.5-cp38-cp38-manylinux_2_17_x86_64.manylinux2014_x86_64.whl", hash = "sha256:d208a0f8729f3fb790ed18a003f3a57895b989b40ea4dce4717e9cf4af62c6bb"},
    {url = "https://files.pythonhosted.org/packages/d2/55/b9b4bfb9d1d828d7d3192c4059e7b4a7d755ba2e1618089af4be77c152d1/numpy-1.23.5-cp38-cp38-macosx_10_9_x86_64.whl", hash = "sha256:f063b69b090c9d918f9df0a12116029e274daf0181df392839661c4c7ec9018a"},
    {url = "https://files.pythonhosted.org/packages/d5/95/f311e6fdaabe24f909eeb6d5482e3adef27fa8389cb8a84823ae560bf480/numpy-1.23.5-cp39-cp39-win32.whl", hash = "sha256:af1da88f6bc3d2338ebbf0e22fe487821ea4d8e89053e25fa59d1d79786e7481"},
    {url = "https://files.pythonhosted.org/packages/e4/f3/679b3a042a127de0d7c84874913c3e23bb84646eb3bc6ecab3f8c872edc9/numpy-1.23.5-cp310-cp310-manylinux_2_17_x86_64.manylinux2014_x86_64.whl", hash = "sha256:5e05b1c973a9f858c74367553e236f287e749465f773328c8ef31abe18f691e1"},
    {url = "https://files.pythonhosted.org/packages/e8/ad/b935c7421657a032fd2a5332eed098f3b9993a155afceb1daa280ff6611f/numpy-1.23.5-cp311-cp311-manylinux_2_17_x86_64.manylinux2014_x86_64.whl", hash = "sha256:58f545efd1108e647604a1b5aa809591ccd2540f468a880bedb97247e72db387"},
]
"pandas 2.0.2" = [
    {url = "https://files.pythonhosted.org/packages/07/66/a1c77bc7af5358f4404e47a28a0f16d624fffa20ed35ba189d03872023b8/pandas-2.0.2-cp38-cp38-win32.whl", hash = "sha256:6d6d10c2142d11d40d6e6c0a190b1f89f525bcf85564707e31b0a39e3b398e08"},
    {url = "https://files.pythonhosted.org/packages/0c/71/bc53a6966c6abc4ed7f0a65a897c5bf2569dc727ab349be0d8a245014f44/pandas-2.0.2-cp310-cp310-win_amd64.whl", hash = "sha256:66d00300f188fa5de73f92d5725ced162488f6dc6ad4cecfe4144ca29debe3b8"},
    {url = "https://files.pythonhosted.org/packages/10/df/3a4b53426bb62b46c4744712f8f7443ec788bd04d167599d55c0244e1c10/pandas-2.0.2-cp310-cp310-manylinux_2_17_aarch64.manylinux2014_aarch64.whl", hash = "sha256:c7319b6e68de14e6209460f72a8d1ef13c09fb3d3ef6c37c1e65b35d50b5c145"},
    {url = "https://files.pythonhosted.org/packages/11/4c/a9be545c613e08b025f12a806b690deb8d0204c83c4a075ca3e88452a768/pandas-2.0.2-cp38-cp38-macosx_11_0_arm64.whl", hash = "sha256:30a89d0fec4263ccbf96f68592fd668939481854d2ff9da709d32a047689393b"},
    {url = "https://files.pythonhosted.org/packages/24/03/e76679b6aba0f3984cf827b763dcc95685af71b0ff7a76777b02f9f48623/pandas-2.0.2-cp38-cp38-macosx_10_9_x86_64.whl", hash = "sha256:69167693cb8f9b3fc060956a5d0a0a8dbfed5f980d9fd2c306fb5b9c855c814c"},
    {url = "https://files.pythonhosted.org/packages/2a/49/be958fefa589186b54daaa9a72fa1a2e19e42a2dcab87ee15c8273259da0/pandas-2.0.2-cp311-cp311-macosx_10_9_x86_64.whl", hash = "sha256:02755de164da6827764ceb3bbc5f64b35cb12394b1024fdf88704d0fa06e0e2f"},
    {url = "https://files.pythonhosted.org/packages/3c/25/4292916c1f4b7bb4af615e1437b6ec75ba73f0a3463157a7485bc196881a/pandas-2.0.2-cp310-cp310-manylinux_2_17_x86_64.manylinux2014_x86_64.whl", hash = "sha256:dd46bde7309088481b1cf9c58e3f0e204b9ff9e3244f441accd220dd3365ce7c"},
    {url = "https://files.pythonhosted.org/packages/3f/9c/81783576b66ed29c65962d1ec0936e7912c0b6b7917e8f7722a79a363430/pandas-2.0.2-cp39-cp39-macosx_10_9_x86_64.whl", hash = "sha256:b42b120458636a981077cfcfa8568c031b3e8709701315e2bfa866324a83efa8"},
    {url = "https://files.pythonhosted.org/packages/54/d7/9e8ff0685d3454a13949e0503bdc789b4bc5bb35989c3948101e71b362cd/pandas-2.0.2-cp310-cp310-macosx_11_0_arm64.whl", hash = "sha256:1eb09a242184092f424b2edd06eb2b99d06dc07eeddff9929e8667d4ed44e181"},
    {url = "https://files.pythonhosted.org/packages/56/60/59fdaf1d0ac5c3314f755562238a38f6f2ee64dfffb3182ee1e29abc7466/pandas-2.0.2-cp39-cp39-win_amd64.whl", hash = "sha256:77550c8909ebc23e56a89f91b40ad01b50c42cfbfab49b3393694a50549295ea"},
    {url = "https://files.pythonhosted.org/packages/78/ca/fac24e2ff729cfa88c391645842d6010caf88f0c399001e4f8e86ca33d7c/pandas-2.0.2-cp39-cp39-macosx_11_0_arm64.whl", hash = "sha256:f908a77cbeef9bbd646bd4b81214cbef9ac3dda4181d5092a4aa9797d1bc7774"},
    {url = "https://files.pythonhosted.org/packages/9b/52/18c98eb7cc3965faf26b7a49453c2d0145b50143b2e417ead4e97707e2c2/pandas-2.0.2-cp38-cp38-manylinux_2_17_x86_64.manylinux2014_x86_64.whl", hash = "sha256:7376e13d28eb16752c398ca1d36ccfe52bf7e887067af9a0474de6331dd948d2"},
    {url = "https://files.pythonhosted.org/packages/9f/cc/cc8135de2a574fd87940b1d41c9c52d226d3ebc9fc8f6e9f18a7b0a81b57/pandas-2.0.2-cp39-cp39-manylinux_2_17_x86_64.manylinux2014_x86_64.whl", hash = "sha256:cf3f0c361a4270185baa89ec7ab92ecaa355fe783791457077473f974f654df5"},
    {url = "https://files.pythonhosted.org/packages/a4/cb/b0201b3bf6c42a71dd24aef4a686edf775ded116caf811c94d34cb90cc96/pandas-2.0.2-cp310-cp310-macosx_10_9_x86_64.whl", hash = "sha256:9ebb9f1c22ddb828e7fd017ea265a59d80461d5a79154b49a4207bd17514d122"},
    {url = "https://files.pythonhosted.org/packages/a6/03/a412957f3c5db6705f9353210120e4a174f5cdd366362e04a6087798b0d9/pandas-2.0.2-cp310-cp310-win32.whl", hash = "sha256:51a93d422fbb1bd04b67639ba4b5368dffc26923f3ea32a275d2cc450f1d1c86"},
    {url = "https://files.pythonhosted.org/packages/b1/12/618452820245081263c69e055a7fbdea43e141476abc5411bb3c8c830bca/pandas-2.0.2-cp311-cp311-win32.whl", hash = "sha256:7b21cb72958fc49ad757685db1919021d99650d7aaba676576c9e88d3889d456"},
    {url = "https://files.pythonhosted.org/packages/b4/1d/00603e672fa49f5c75e75c563a3bff98d5f48bb6e7c946e7ec035ecf7795/pandas-2.0.2-cp311-cp311-macosx_11_0_arm64.whl", hash = "sha256:0a1e0576611641acde15c2322228d138258f236d14b749ad9af498ab69089e2d"},
    {url = "https://files.pythonhosted.org/packages/cb/27/3946af83cd5911b1a5c3d987c0518f16b97ee4ccfeba90c6085e80bf35e4/pandas-2.0.2-cp311-cp311-manylinux_2_17_aarch64.manylinux2014_aarch64.whl", hash = "sha256:a6b5f14cd24a2ed06e14255ff40fe2ea0cfaef79a8dd68069b7ace74bd6acbba"},
    {url = "https://files.pythonhosted.org/packages/cb/3f/4569dd34e3b77ad98e8532a43ca72fd332d4834a20b44efd7a979e6b23b5/pandas-2.0.2-cp39-cp39-win32.whl", hash = "sha256:598e9020d85a8cdbaa1815eb325a91cfff2bb2b23c1442549b8a3668e36f0f77"},
    {url = "https://files.pythonhosted.org/packages/e8/1d/9ee861bea351b6bc4d025ac9edbc765bac11239188561ebc3cf032d930fb/pandas-2.0.2-cp311-cp311-manylinux_2_17_x86_64.manylinux2014_x86_64.whl", hash = "sha256:50e451932b3011b61d2961b4185382c92cc8c6ee4658dcd4f320687bb2d000ee"},
    {url = "https://files.pythonhosted.org/packages/ee/fd/a3b5f229e5098e18cb058549f9c2842f407023adb47aa6b22b44b15988c6/pandas-2.0.2-cp311-cp311-win_amd64.whl", hash = "sha256:c4af689352c4fe3d75b2834933ee9d0ccdbf5d7a8a7264f0ce9524e877820c08"},
    {url = "https://files.pythonhosted.org/packages/ef/e3/1b7a8d5a50b087bfc8b74245019943b33003f0b6fd28ccd63faf8825ea7e/pandas-2.0.2-cp38-cp38-manylinux_2_17_aarch64.manylinux2014_aarch64.whl", hash = "sha256:a18e5c72b989ff0f7197707ceddc99828320d0ca22ab50dd1b9e37db45b010c0"},
    {url = "https://files.pythonhosted.org/packages/f0/95/361d9726b57b44c1d8dce070930c2322a70157f697ecdcca13f4388247ab/pandas-2.0.2-cp38-cp38-win_amd64.whl", hash = "sha256:e69140bc2d29a8556f55445c15f5794490852af3de0f609a24003ef174528b79"},
    {url = "https://files.pythonhosted.org/packages/f2/36/27bbaf60ab48617024a00e2cae1211d58cee0557a457d7cc8933a05f01e8/pandas-2.0.2-cp39-cp39-manylinux_2_17_aarch64.manylinux2014_aarch64.whl", hash = "sha256:713f2f70abcdade1ddd68fc91577cb090b3544b07ceba78a12f799355a13ee44"},
    {url = "https://files.pythonhosted.org/packages/fb/88/d04926998a33223dbee6856970c5a7fd3cc83ded1f8782ccea8741ebd659/pandas-2.0.2.tar.gz", hash = "sha256:dd5476b6c3fe410ee95926873f377b856dbc4e81a9c605a0dc05aaccc6a7c6c6"},
]
"python-dateutil 2.8.2" = [
    {url = "https://files.pythonhosted.org/packages/36/7a/87837f39d0296e723bb9b62bbb257d0355c7f6128853c78955f57342a56d/python_dateutil-2.8.2-py2.py3-none-any.whl", hash = "sha256:961d03dc3453ebbc59dbdea9e4e11c5651520a876d0f4db161e8674aae935da9"},
    {url = "https://files.pythonhosted.org/packages/4c/c4/13b4776ea2d76c115c1d1b84579f3764ee6d57204f6be27119f13a61d0a9/python-dateutil-2.8.2.tar.gz", hash = "sha256:0123cacc1627ae19ddf3c27a5de5bd67ee4586fbdd6440d9748f8abb483d3e86"},
]
"pytz 2023.3" = [
    {url = "https://files.pythonhosted.org/packages/5e/32/12032aa8c673ee16707a9b6cdda2b09c0089131f35af55d443b6a9c69c1d/pytz-2023.3.tar.gz", hash = "sha256:1d8ce29db189191fb55338ee6d0387d82ab59f3d00eac103412d64e0ebd0c588"},
    {url = "https://files.pythonhosted.org/packages/7f/99/ad6bd37e748257dd70d6f85d916cafe79c0b0f5e2e95b11f7fbc82bf3110/pytz-2023.3-py2.py3-none-any.whl", hash = "sha256:a151b3abb88eda1d4e34a9814df37de2a80e301e68ba0fd856fb9b46bfbbbffb"},
]
"six 1.16.0" = [
    {url = "https://files.pythonhosted.org/packages/71/39/171f1c67cd00715f190ba0b100d606d440a28c93c7714febeca8b79af85e/six-1.16.0.tar.gz", hash = "sha256:1e61c37477a1626458e36f7b1d82aa5c9b094fa4802892072e49de9c60c4c926"},
    {url = "https://files.pythonhosted.org/packages/d9/5a/e7c31adbe875f2abbb91bd84cf2dc52d792b5a01506781dbcf25c91daf11/six-1.16.0-py2.py3-none-any.whl", hash = "sha256:8abb2f1d86890a2dfb989f9a77cfcfd3e47c2a354b01111771326f8aa26e0254"},
]
"tzdata 2023.3" = [
    {url = "https://files.pythonhosted.org/packages/70/e5/81f99b9fced59624562ab62a33df639a11b26c582be78864b339dafa420d/tzdata-2023.3.tar.gz", hash = "sha256:11ef1e08e54acb0d4f95bdb1be05da659673de4acbd21bf9c69e94cc5e907a3a"},
    {url = "https://files.pythonhosted.org/packages/d5/fb/a79efcab32b8a1f1ddca7f35109a50e4a80d42ac1c9187ab46522b2407d7/tzdata-2023.3-py2.py3-none-any.whl", hash = "sha256:7e65763eef3120314099b6939b5546db7adce1e7d6f2e179e3df563c70511eda"},
]
